{
  "name": "seqr",
  "version": "0.2.0",
  "lockfileVersion": 2,
  "requires": true,
  "packages": {
    "": {
      "dependencies": {
        "html-react-parser": "^5.0.6"
      }
    },
    "node_modules/dom-serializer": {
      "version": "2.0.0",
      "resolved": "https://registry.npmjs.org/dom-serializer/-/dom-serializer-2.0.0.tgz",
      "integrity": "sha512-wIkAryiqt/nV5EQKqQpo3SToSOV9J0DnbJqwK7Wv/Trc92zIAYZ4FlMu+JPFW1DfGFt81ZTCGgDEabffXeLyJg==",
      "dependencies": {
        "domelementtype": "^2.3.0",
        "domhandler": "^5.0.2",
        "entities": "^4.2.0"
      },
      "funding": {
        "url": "https://github.com/cheeriojs/dom-serializer?sponsor=1"
      }
    },
    "node_modules/domelementtype": {
      "version": "2.3.0",
      "resolved": "https://registry.npmjs.org/domelementtype/-/domelementtype-2.3.0.tgz",
      "integrity": "sha512-OLETBj6w0OsagBwdXnPdN0cnMfF9opN69co+7ZrbfPGrdpPVNBUj02spi6B1N7wChLQiPn4CSH/zJvXw56gmHw==",
      "funding": [
        {
          "type": "github",
          "url": "https://github.com/sponsors/fb55"
        }
      ]
    },
    "node_modules/domhandler": {
      "version": "5.0.3",
      "resolved": "https://registry.npmjs.org/domhandler/-/domhandler-5.0.3.tgz",
      "integrity": "sha512-cgwlv/1iFQiFnU96XXgROh8xTeetsnJiDsTc7TYCLFd9+/WNkIqPTxiM/8pSd8VIrhXGTf1Ny1q1hquVqDJB5w==",
      "dependencies": {
        "domelementtype": "^2.3.0"
      },
      "engines": {
        "node": ">= 4"
      },
      "funding": {
        "url": "https://github.com/fb55/domhandler?sponsor=1"
      }
    },
    "node_modules/domutils": {
      "version": "3.1.0",
      "resolved": "https://registry.npmjs.org/domutils/-/domutils-3.1.0.tgz",
      "integrity": "sha512-H78uMmQtI2AhgDJjWeQmHwJJ2bLPD3GMmO7Zja/ZZh84wkm+4ut+IUnUdRa8uCGX88DiVx1j6FRe1XfxEgjEZA==",
      "dependencies": {
        "dom-serializer": "^2.0.0",
        "domelementtype": "^2.3.0",
        "domhandler": "^5.0.3"
      },
      "funding": {
        "url": "https://github.com/fb55/domutils?sponsor=1"
      }
    },
    "node_modules/entities": {
      "version": "4.5.0",
      "resolved": "https://registry.npmjs.org/entities/-/entities-4.5.0.tgz",
      "integrity": "sha512-V0hjH4dGPh9Ao5p0MoRY6BVqtwCjhz6vI5LT8AJ55H+4g9/4vbHx1I54fS0XuclLhDHArPQCiMjDxjaL8fPxhw==",
      "engines": {
        "node": ">=0.12"
      },
      "funding": {
        "url": "https://github.com/fb55/entities?sponsor=1"
      }
    },
    "node_modules/html-dom-parser": {
      "version": "5.0.4",
      "resolved": "https://registry.npmjs.org/html-dom-parser/-/html-dom-parser-5.0.4.tgz",
      "integrity": "sha512-azy8THLKd4Ar0OVJpEgX+MSjYvKdNDWlGiRBIlovMqEQYMAnLLXBhhiSwjylDD3RDdcCYT8Utg6uoRDeLHUyHg==",
      "dependencies": {
        "domhandler": "5.0.3",
        "htmlparser2": "9.0.0"
      }
    },
    "node_modules/html-dom-parser/node_modules/htmlparser2": {
      "version": "9.0.0",
      "resolved": "https://registry.npmjs.org/htmlparser2/-/htmlparser2-9.0.0.tgz",
      "integrity": "sha512-uxbSI98wmFT/G4P2zXx4OVx04qWUmyFPrD2/CNepa2Zo3GPNaCaaxElDgwUrwYWkK1nr9fft0Ya8dws8coDLLQ==",
      "funding": [
        "https://github.com/fb55/htmlparser2?sponsor=1",
        {
          "type": "github",
          "url": "https://github.com/sponsors/fb55"
        }
      ],
      "dependencies": {
        "domelementtype": "^2.3.0",
        "domhandler": "^5.0.3",
        "domutils": "^3.1.0",
        "entities": "^4.5.0"
      }
    },
    "node_modules/html-react-parser": {
      "version": "5.0.6",
      "resolved": "https://registry.npmjs.org/html-react-parser/-/html-react-parser-5.0.6.tgz",
      "integrity": "sha512-aPSzFhO2bK/L/mYQbMwFz+1QG8nhxozbwENt/52HTApasrBvDX87MFD5uSQIjq7Io0bnKzH4uh7PM42zZ4ag9A==",
      "dependencies": {
        "domhandler": "5.0.3",
        "html-dom-parser": "5.0.4",
        "react-property": "2.0.2",
        "style-to-js": "1.1.9"
      },
      "peerDependencies": {
        "react": "0.14 || 15 || 16 || 17 || 18"
      }
    },
    "node_modules/js-tokens": {
      "version": "4.0.0",
      "resolved": "https://registry.npmjs.org/js-tokens/-/js-tokens-4.0.0.tgz",
      "integrity": "sha512-RdJUflcE3cUzKiMqQgsCu06FPu9UdIJO0beYbPhHN4k6apgJtifcoCtT9bcxOpYBtpD2kCM6Sbzg4CausW/PKQ==",
      "peer": true
    },
    "node_modules/loose-envify": {
      "version": "1.4.0",
      "resolved": "https://registry.npmjs.org/loose-envify/-/loose-envify-1.4.0.tgz",
      "integrity": "sha512-lyuxPGr/Wfhrlem2CL/UcnUc1zcqKAImBDzukY7Y5F/yQiNdko6+fRLevlw1HgMySw7f611UIY408EtxRSoK3Q==",
      "peer": true,
      "dependencies": {
        "js-tokens": "^3.0.0 || ^4.0.0"
      },
      "bin": {
        "loose-envify": "cli.js"
      }
    },
    "node_modules/object-assign": {
      "version": "4.1.1",
      "resolved": "https://registry.npmjs.org/object-assign/-/object-assign-4.1.1.tgz",
      "integrity": "sha1-IQmtx5ZYh8/AXLvUQsrIv7s2CGM=",
      "peer": true,
      "engines": {
        "node": ">=0.10.0"
      }
    },
    "node_modules/react": {
      "version": "17.0.2",
      "resolved": "https://registry.npmjs.org/react/-/react-17.0.2.tgz",
      "integrity": "sha512-gnhPt75i/dq/z3/6q/0asP78D0u592D5L1pd7M8P+dck6Fu/jJeL6iVVK23fptSUZj8Vjf++7wXA8UNclGQcbA==",
      "peer": true,
      "dependencies": {
        "loose-envify": "^1.1.0",
        "object-assign": "^4.1.1"
      },
      "engines": {
        "node": ">=0.10.0"
      }
    },
    "node_modules/react-property": {
      "version": "2.0.2",
      "resolved": "https://registry.npmjs.org/react-property/-/react-property-2.0.2.tgz",
      "integrity": "sha512-+PbtI3VuDV0l6CleQMsx2gtK0JZbZKbpdu5ynr+lbsuvtmgbNcS3VM0tuY2QjFNOcWxvXeHjDpy42RO+4U2rug=="
    },
    "node_modules/style-to-js": {
      "version": "1.1.9",
      "resolved": "https://registry.npmjs.org/style-to-js/-/style-to-js-1.1.9.tgz",
      "integrity": "sha512-6bkwhOlPOx+wKiHVlPTHjUqM4zDKv9pyccehB8zetZL0hhQ7MVp7UEWUsohjiMdxwhSsEdjMrEve+8qzUVmY4w==",
      "dependencies": {
        "style-to-object": "1.0.4"
      }
    },
    "node_modules/style-to-js/node_modules/inline-style-parser": {
      "version": "0.2.2",
      "resolved": "https://registry.npmjs.org/inline-style-parser/-/inline-style-parser-0.2.2.tgz",
      "integrity": "sha512-EcKzdTHVe8wFVOGEYXiW9WmJXPjqi1T+234YpJr98RiFYKHV3cdy1+3mkTE+KHTHxFFLH51SfaGOoUdW+v7ViQ=="
    },
    "node_modules/style-to-js/node_modules/style-to-object": {
      "version": "1.0.4",
      "resolved": "https://registry.npmjs.org/style-to-object/-/style-to-object-1.0.4.tgz",
      "integrity": "sha512-KyNO6mfijxSnypdvEjeXlhvbGPSh0l1zBJp80n+ncBQvrEbSwBHwZCpo0xz6Q4AKSPfXowWwypCBAUAdfz3rFQ==",
      "dependencies": {
        "inline-style-parser": "0.2.2"
      }
    }
  },
  "dependencies": {
    "dom-serializer": {
      "version": "2.0.0",
      "resolved": "https://registry.npmjs.org/dom-serializer/-/dom-serializer-2.0.0.tgz",
      "integrity": "sha512-wIkAryiqt/nV5EQKqQpo3SToSOV9J0DnbJqwK7Wv/Trc92zIAYZ4FlMu+JPFW1DfGFt81ZTCGgDEabffXeLyJg==",
      "requires": {
        "domelementtype": "^2.3.0",
        "domhandler": "^5.0.2",
        "entities": "^4.2.0"
      }
    },
    "domelementtype": {
      "version": "2.3.0",
      "resolved": "https://registry.npmjs.org/domelementtype/-/domelementtype-2.3.0.tgz",
      "integrity": "sha512-OLETBj6w0OsagBwdXnPdN0cnMfF9opN69co+7ZrbfPGrdpPVNBUj02spi6B1N7wChLQiPn4CSH/zJvXw56gmHw=="
    },
    "domhandler": {
      "version": "5.0.3",
      "resolved": "https://registry.npmjs.org/domhandler/-/domhandler-5.0.3.tgz",
      "integrity": "sha512-cgwlv/1iFQiFnU96XXgROh8xTeetsnJiDsTc7TYCLFd9+/WNkIqPTxiM/8pSd8VIrhXGTf1Ny1q1hquVqDJB5w==",
      "requires": {
        "domelementtype": "^2.3.0"
      }
    },
    "domutils": {
      "version": "3.1.0",
      "resolved": "https://registry.npmjs.org/domutils/-/domutils-3.1.0.tgz",
      "integrity": "sha512-H78uMmQtI2AhgDJjWeQmHwJJ2bLPD3GMmO7Zja/ZZh84wkm+4ut+IUnUdRa8uCGX88DiVx1j6FRe1XfxEgjEZA==",
      "requires": {
        "dom-serializer": "^2.0.0",
        "domelementtype": "^2.3.0",
        "domhandler": "^5.0.3"
      }
    },
    "entities": {
      "version": "4.5.0",
      "resolved": "https://registry.npmjs.org/entities/-/entities-4.5.0.tgz",
      "integrity": "sha512-V0hjH4dGPh9Ao5p0MoRY6BVqtwCjhz6vI5LT8AJ55H+4g9/4vbHx1I54fS0XuclLhDHArPQCiMjDxjaL8fPxhw=="
    },
    "html-dom-parser": {
      "version": "5.0.4",
      "resolved": "https://registry.npmjs.org/html-dom-parser/-/html-dom-parser-5.0.4.tgz",
      "integrity": "sha512-azy8THLKd4Ar0OVJpEgX+MSjYvKdNDWlGiRBIlovMqEQYMAnLLXBhhiSwjylDD3RDdcCYT8Utg6uoRDeLHUyHg==",
      "requires": {
        "domhandler": "5.0.3",
        "htmlparser2": "9.0.0"
      },
      "dependencies": {
        "htmlparser2": {
          "version": "9.0.0",
          "resolved": "https://registry.npmjs.org/htmlparser2/-/htmlparser2-9.0.0.tgz",
          "integrity": "sha512-uxbSI98wmFT/G4P2zXx4OVx04qWUmyFPrD2/CNepa2Zo3GPNaCaaxElDgwUrwYWkK1nr9fft0Ya8dws8coDLLQ==",
          "requires": {
            "domelementtype": "^2.3.0",
            "domhandler": "^5.0.3",
            "domutils": "^3.1.0",
            "entities": "^4.5.0"
          }
        }
      }
    },
    "html-react-parser": {
      "version": "5.0.6",
      "resolved": "https://registry.npmjs.org/html-react-parser/-/html-react-parser-5.0.6.tgz",
      "integrity": "sha512-aPSzFhO2bK/L/mYQbMwFz+1QG8nhxozbwENt/52HTApasrBvDX87MFD5uSQIjq7Io0bnKzH4uh7PM42zZ4ag9A==",
      "requires": {
        "domhandler": "5.0.3",
        "html-dom-parser": "5.0.4",
        "react-property": "2.0.2",
        "style-to-js": "1.1.9"
      }
    },
    "js-tokens": {
      "version": "4.0.0",
      "resolved": "https://registry.npmjs.org/js-tokens/-/js-tokens-4.0.0.tgz",
      "integrity": "sha512-RdJUflcE3cUzKiMqQgsCu06FPu9UdIJO0beYbPhHN4k6apgJtifcoCtT9bcxOpYBtpD2kCM6Sbzg4CausW/PKQ==",
      "peer": true
    },
    "loose-envify": {
      "version": "1.4.0",
      "resolved": "https://registry.npmjs.org/loose-envify/-/loose-envify-1.4.0.tgz",
      "integrity": "sha512-lyuxPGr/Wfhrlem2CL/UcnUc1zcqKAImBDzukY7Y5F/yQiNdko6+fRLevlw1HgMySw7f611UIY408EtxRSoK3Q==",
      "peer": true,
      "requires": {
        "js-tokens": "^3.0.0 || ^4.0.0"
      }
    },
    "object-assign": {
      "version": "4.1.1",
      "resolved": "https://registry.npmjs.org/object-assign/-/object-assign-4.1.1.tgz",
      "integrity": "sha1-IQmtx5ZYh8/AXLvUQsrIv7s2CGM=",
      "peer": true
    },
    "react": {
      "version": "17.0.2",
      "resolved": "https://registry.npmjs.org/react/-/react-17.0.2.tgz",
      "integrity": "sha512-gnhPt75i/dq/z3/6q/0asP78D0u592D5L1pd7M8P+dck6Fu/jJeL6iVVK23fptSUZj8Vjf++7wXA8UNclGQcbA==",
      "peer": true,
      "requires": {
        "loose-envify": "^1.1.0",
        "object-assign": "^4.1.1"
      }
    },
    "react-property": {
      "version": "2.0.2",
      "resolved": "https://registry.npmjs.org/react-property/-/react-property-2.0.2.tgz",
      "integrity": "sha512-+PbtI3VuDV0l6CleQMsx2gtK0JZbZKbpdu5ynr+lbsuvtmgbNcS3VM0tuY2QjFNOcWxvXeHjDpy42RO+4U2rug=="
    },
    "style-to-js": {
      "version": "1.1.9",
      "resolved": "https://registry.npmjs.org/style-to-js/-/style-to-js-1.1.9.tgz",
      "integrity": "sha512-6bkwhOlPOx+wKiHVlPTHjUqM4zDKv9pyccehB8zetZL0hhQ7MVp7UEWUsohjiMdxwhSsEdjMrEve+8qzUVmY4w==",
      "requires": {
        "style-to-object": "1.0.4"
      },
      "dependencies": {
        "inline-style-parser": {
          "version": "0.2.2",
          "resolved": "https://registry.npmjs.org/inline-style-parser/-/inline-style-parser-0.2.2.tgz",
          "integrity": "sha512-EcKzdTHVe8wFVOGEYXiW9WmJXPjqi1T+234YpJr98RiFYKHV3cdy1+3mkTE+KHTHxFFLH51SfaGOoUdW+v7ViQ=="
        },
        "style-to-object": {
          "version": "1.0.4",
          "resolved": "https://registry.npmjs.org/style-to-object/-/style-to-object-1.0.4.tgz",
          "integrity": "sha512-KyNO6mfijxSnypdvEjeXlhvbGPSh0l1zBJp80n+ncBQvrEbSwBHwZCpo0xz6Q4AKSPfXowWwypCBAUAdfz3rFQ==",
          "requires": {
            "inline-style-parser": "0.2.2"
          }
        }
      }
    }
  }
}
